// !$*UTF8*$!
{
	archiveVersion = 1;
	classes = {
	};
	objectVersion = 55;
	objects = {

/* Begin PBXBuildFile section */
		9145BFA92883EFD7007AE45E /* AppDelegate.swift in Sources */ = {isa = PBXBuildFile; fileRef = 9145BFA82883EFD7007AE45E /* AppDelegate.swift */; };
		9145BFAD2883EFD7007AE45E /* ViewController.swift in Sources */ = {isa = PBXBuildFile; fileRef = 9145BFAC2883EFD7007AE45E /* ViewController.swift */; };
		9145BFB02883EFD7007AE45E /* Main.storyboard in Resources */ = {isa = PBXBuildFile; fileRef = 9145BFAE2883EFD7007AE45E /* Main.storyboard */; };
		9145BFB22883EFD8007AE45E /* Assets.xcassets in Resources */ = {isa = PBXBuildFile; fileRef = 9145BFB12883EFD8007AE45E /* Assets.xcassets */; };
		9145BFB52883EFD8007AE45E /* LaunchScreen.storyboard in Resources */ = {isa = PBXBuildFile; fileRef = 9145BFB32883EFD8007AE45E /* LaunchScreen.storyboard */; };
		917EEDEB28856B8C00D97DD2 /* UIColor+customColors.swift in Sources */ = {isa = PBXBuildFile; fileRef = 917EEDEA28856B8C00D97DD2 /* UIColor+customColors.swift */; };
		917EEDED28856D7700D97DD2 /* UIFont+customFonts.swift in Sources */ = {isa = PBXBuildFile; fileRef = 917EEDEC28856D7700D97DD2 /* UIFont+customFonts.swift */; };
		9CF749C7B0D2A1BDD06F5BDC /* Pods_HealthMonitoring.framework in Frameworks */ = {isa = PBXBuildFile; fileRef = B8B11B8B85A59E2D4F994212 /* Pods_HealthMonitoring.framework */; };
/* End PBXBuildFile section */

/* Begin PBXFileReference section */
		9145BFA52883EFD7007AE45E /* HealthMonitoring.app */ = {isa = PBXFileReference; explicitFileType = wrapper.application; includeInIndex = 0; path = HealthMonitoring.app; sourceTree = BUILT_PRODUCTS_DIR; };
		9145BFA82883EFD7007AE45E /* AppDelegate.swift */ = {isa = PBXFileReference; lastKnownFileType = sourcecode.swift; path = AppDelegate.swift; sourceTree = "<group>"; };
		9145BFAC2883EFD7007AE45E /* ViewController.swift */ = {isa = PBXFileReference; lastKnownFileType = sourcecode.swift; path = ViewController.swift; sourceTree = "<group>"; };
		9145BFAF2883EFD7007AE45E /* Base */ = {isa = PBXFileReference; lastKnownFileType = file.storyboard; name = Base; path = Base.lproj/Main.storyboard; sourceTree = "<group>"; };
		9145BFB12883EFD8007AE45E /* Assets.xcassets */ = {isa = PBXFileReference; lastKnownFileType = folder.assetcatalog; path = Assets.xcassets; sourceTree = "<group>"; };
		9145BFB42883EFD8007AE45E /* Base */ = {isa = PBXFileReference; lastKnownFileType = file.storyboard; name = Base; path = Base.lproj/LaunchScreen.storyboard; sourceTree = "<group>"; };
		9145BFB62883EFD8007AE45E /* Info.plist */ = {isa = PBXFileReference; lastKnownFileType = text.plist.xml; path = Info.plist; sourceTree = "<group>"; };
		917EEDEA28856B8C00D97DD2 /* UIColor+customColors.swift */ = {isa = PBXFileReference; lastKnownFileType = sourcecode.swift; path = "UIColor+customColors.swift"; sourceTree = "<group>"; };
		917EEDEC28856D7700D97DD2 /* UIFont+customFonts.swift */ = {isa = PBXFileReference; lastKnownFileType = sourcecode.swift; path = "UIFont+customFonts.swift"; sourceTree = "<group>"; };
		AAF7118D49400F35C69502D6 /* Pods-HealthMonitoring.debug.xcconfig */ = {isa = PBXFileReference; includeInIndex = 1; lastKnownFileType = text.xcconfig; name = "Pods-HealthMonitoring.debug.xcconfig"; path = "Target Support Files/Pods-HealthMonitoring/Pods-HealthMonitoring.debug.xcconfig"; sourceTree = "<group>"; };
		B8B11B8B85A59E2D4F994212 /* Pods_HealthMonitoring.framework */ = {isa = PBXFileReference; explicitFileType = wrapper.framework; includeInIndex = 0; path = Pods_HealthMonitoring.framework; sourceTree = BUILT_PRODUCTS_DIR; };
		E5135743FE8FFE39ABC5B190 /* Pods-HealthMonitoring.release.xcconfig */ = {isa = PBXFileReference; includeInIndex = 1; lastKnownFileType = text.xcconfig; name = "Pods-HealthMonitoring.release.xcconfig"; path = "Target Support Files/Pods-HealthMonitoring/Pods-HealthMonitoring.release.xcconfig"; sourceTree = "<group>"; };
/* End PBXFileReference section */

/* Begin PBXFrameworksBuildPhase section */
		9145BFA22883EFD7007AE45E /* Frameworks */ = {
			isa = PBXFrameworksBuildPhase;
			buildActionMask = 2147483647;
			files = (
				9CF749C7B0D2A1BDD06F5BDC /* Pods_HealthMonitoring.framework in Frameworks */,
			);
			runOnlyForDeploymentPostprocessing = 0;
		};
/* End PBXFrameworksBuildPhase section */

/* Begin PBXGroup section */
		9145BF9C2883EFD7007AE45E = {
			isa = PBXGroup;
			children = (
				9145BFA72883EFD7007AE45E /* HealthMonitoring */,
				9145BFA62883EFD7007AE45E /* Products */,
				9BC3B82A28B29EA5B3EC211F /* Pods */,
				D5FA68BABE4057F18ACA86D2 /* Frameworks */,
			);
			sourceTree = "<group>";
		};
		9145BFA62883EFD7007AE45E /* Products */ = {
			isa = PBXGroup;
			children = (
				9145BFA52883EFD7007AE45E /* HealthMonitoring.app */,
			);
			name = Products;
			sourceTree = "<group>";
		};
		9145BFA72883EFD7007AE45E /* HealthMonitoring */ = {
			isa = PBXGroup;
			children = (
				917EEDE9288569D600D97DD2 /* Resource */,
				917EEDE8288569CC00D97DD2 /* Storage */,
				917EEDE7288569C600D97DD2 /* Utils */,
				917EEDE6288569BB00D97DD2 /* Presentation */,
				9145BFB62883EFD8007AE45E /* Info.plist */,
			);
			path = HealthMonitoring;
			sourceTree = "<group>";
		};
		917EEDE6288569BB00D97DD2 /* Presentation */ = {
			isa = PBXGroup;
			children = (
				9145BFAC2883EFD7007AE45E /* ViewController.swift */,
			);
			path = Presentation;
			sourceTree = "<group>";
		};
		917EEDE7288569C600D97DD2 /* Utils */ = {
			isa = PBXGroup;
			children = (
				917EEDEA28856B8C00D97DD2 /* UIColor+customColors.swift */,
				917EEDEC28856D7700D97DD2 /* UIFont+customFonts.swift */,
			);
			path = Utils;
			sourceTree = "<group>";
		};
		917EEDE8288569CC00D97DD2 /* Storage */ = {
			isa = PBXGroup;
			children = (
			);
			path = Storage;
			sourceTree = "<group>";
		};
		917EEDE9288569D600D97DD2 /* Resource */ = {
			isa = PBXGroup;
			children = (
				9145BFA82883EFD7007AE45E /* AppDelegate.swift */,
				9145BFAE2883EFD7007AE45E /* Main.storyboard */,
				9145BFB12883EFD8007AE45E /* Assets.xcassets */,
				9145BFB32883EFD8007AE45E /* LaunchScreen.storyboard */,
			);
			path = Resource;
			sourceTree = "<group>";
		};
		9BC3B82A28B29EA5B3EC211F /* Pods */ = {
			isa = PBXGroup;
			children = (
				AAF7118D49400F35C69502D6 /* Pods-HealthMonitoring.debug.xcconfig */,
				E5135743FE8FFE39ABC5B190 /* Pods-HealthMonitoring.release.xcconfig */,
			);
			path = Pods;
			sourceTree = "<group>";
		};
		D5FA68BABE4057F18ACA86D2 /* Frameworks */ = {
			isa = PBXGroup;
			children = (
				B8B11B8B85A59E2D4F994212 /* Pods_HealthMonitoring.framework */,
			);
			name = Frameworks;
			sourceTree = "<group>";
		};
/* End PBXGroup section */

/* Begin PBXNativeTarget section */
		9145BFA42883EFD7007AE45E /* HealthMonitoring */ = {
			isa = PBXNativeTarget;
			buildConfigurationList = 9145BFB92883EFD8007AE45E /* Build configuration list for PBXNativeTarget "HealthMonitoring" */;
			buildPhases = (
				DE22010B6E57AD4F12BE8DAD /* [CP] Check Pods Manifest.lock */,
				9145BFA12883EFD7007AE45E /* Sources */,
				9145BFA22883EFD7007AE45E /* Frameworks */,
				9145BFA32883EFD7007AE45E /* Resources */,
			);
			buildRules = (
			);
			dependencies = (
			);
			name = HealthMonitoring;
			productName = HealthMonitoring;
			productReference = 9145BFA52883EFD7007AE45E /* HealthMonitoring.app */;
			productType = "com.apple.product-type.application";
		};
/* End PBXNativeTarget section */

/* Begin PBXProject section */
		9145BF9D2883EFD7007AE45E /* Project object */ = {
			isa = PBXProject;
			attributes = {
				BuildIndependentTargetsInParallel = 1;
				LastSwiftUpdateCheck = 1340;
				LastUpgradeCheck = 1340;
				TargetAttributes = {
					9145BFA42883EFD7007AE45E = {
						CreatedOnToolsVersion = 13.4.1;
					};
				};
			};
			buildConfigurationList = 9145BFA02883EFD7007AE45E /* Build configuration list for PBXProject "HealthMonitoring" */;
			compatibilityVersion = "Xcode 13.0";
			developmentRegion = en;
			hasScannedForEncodings = 0;
			knownRegions = (
				en,
				Base,
			);
			mainGroup = 9145BF9C2883EFD7007AE45E;
			productRefGroup = 9145BFA62883EFD7007AE45E /* Products */;
			projectDirPath = "";
			projectRoot = "";
			targets = (
				9145BFA42883EFD7007AE45E /* HealthMonitoring */,
			);
		};
/* End PBXProject section */

/* Begin PBXResourcesBuildPhase section */
		9145BFA32883EFD7007AE45E /* Resources */ = {
			isa = PBXResourcesBuildPhase;
			buildActionMask = 2147483647;
			files = (
				9145BFB52883EFD8007AE45E /* LaunchScreen.storyboard in Resources */,
				9145BFB22883EFD8007AE45E /* Assets.xcassets in Resources */,
				9145BFB02883EFD7007AE45E /* Main.storyboard in Resources */,
			);
			runOnlyForDeploymentPostprocessing = 0;
		};
/* End PBXResourcesBuildPhase section */

/* Begin PBXShellScriptBuildPhase section */
		DE22010B6E57AD4F12BE8DAD /* [CP] Check Pods Manifest.lock */ = {
			isa = PBXShellScriptBuildPhase;
			buildActionMask = 2147483647;
			files = (
			);
			inputFileListPaths = (
			);
			inputPaths = (
				"${PODS_PODFILE_DIR_PATH}/Podfile.lock",
				"${PODS_ROOT}/Manifest.lock",
			);
			name = "[CP] Check Pods Manifest.lock";
			outputFileListPaths = (
			);
			outputPaths = (
				"$(DERIVED_FILE_DIR)/Pods-HealthMonitoring-checkManifestLockResult.txt",
			);
			runOnlyForDeploymentPostprocessing = 0;
			shellPath = /bin/sh;
			shellScript = "diff \"${PODS_PODFILE_DIR_PATH}/Podfile.lock\" \"${PODS_ROOT}/Manifest.lock\" > /dev/null\nif [ $? != 0 ] ; then\n    # print error to STDERR\n    echo \"error: The sandbox is not in sync with the Podfile.lock. Run 'pod install' or update your CocoaPods installation.\" >&2\n    exit 1\nfi\n# This output is used by Xcode 'outputs' to avoid re-running this script phase.\necho \"SUCCESS\" > \"${SCRIPT_OUTPUT_FILE_0}\"\n";
			showEnvVarsInLog = 0;
		};
/* End PBXShellScriptBuildPhase section */

/* Begin PBXSourcesBuildPhase section */
		9145BFA12883EFD7007AE45E /* Sources */ = {
			isa = PBXSourcesBuildPhase;
			buildActionMask = 2147483647;
			files = (
				917EEDED28856D7700D97DD2 /* UIFont+customFonts.swift in Sources */,
				9145BFAD2883EFD7007AE45E /* ViewController.swift in Sources */,
				9145BFA92883EFD7007AE45E /* AppDelegate.swift in Sources */,
				917EEDEB28856B8C00D97DD2 /* UIColor+customColors.swift in Sources */,
			);
			runOnlyForDeploymentPostprocessing = 0;
		};
/* End PBXSourcesBuildPhase section */

/* Begin PBXVariantGroup section */
		9145BFAE2883EFD7007AE45E /* Main.storyboard */ = {
			isa = PBXVariantGroup;
			children = (
				9145BFAF2883EFD7007AE45E /* Base */,
			);
			name = Main.storyboard;
			sourceTree = "<group>";
		};
		9145BFB32883EFD8007AE45E /* LaunchScreen.storyboard */ = {
			isa = PBXVariantGroup;
			children = (
				9145BFB42883EFD8007AE45E /* Base */,
			);
			name = LaunchScreen.storyboard;
			sourceTree = "<group>";
		};
/* End PBXVariantGroup section */

/* Begin XCBuildConfiguration section */
		9145BFB72883EFD8007AE45E /* Debug */ = {
			isa = XCBuildConfiguration;
			buildSettings = {
				ALWAYS_SEARCH_USER_PATHS = NO;
				CLANG_ANALYZER_NONNULL = YES;
				CLANG_ANALYZER_NUMBER_OBJECT_CONVERSION = YES_AGGRESSIVE;
				CLANG_CXX_LANGUAGE_STANDARD = "gnu++17";
				CLANG_ENABLE_MODULES = YES;
				CLANG_ENABLE_OBJC_ARC = YES;
				CLANG_ENABLE_OBJC_WEAK = YES;
				CLANG_WARN_BLOCK_CAPTURE_AUTORELEASING = YES;
				CLANG_WARN_BOOL_CONVERSION = YES;
				CLANG_WARN_COMMA = YES;
				CLANG_WARN_CONSTANT_CONVERSION = YES;
				CLANG_WARN_DEPRECATED_OBJC_IMPLEMENTATIONS = YES;
				CLANG_WARN_DIRECT_OBJC_ISA_USAGE = YES_ERROR;
				CLANG_WARN_DOCUMENTATION_COMMENTS = YES;
				CLANG_WARN_EMPTY_BODY = YES;
				CLANG_WARN_ENUM_CONVERSION = YES;
				CLANG_WARN_INFINITE_RECURSION = YES;
				CLANG_WARN_INT_CONVERSION = YES;
				CLANG_WARN_NON_LITERAL_NULL_CONVERSION = YES;
				CLANG_WARN_OBJC_IMPLICIT_RETAIN_SELF = YES;
				CLANG_WARN_OBJC_LITERAL_CONVERSION = YES;
				CLANG_WARN_OBJC_ROOT_CLASS = YES_ERROR;
				CLANG_WARN_QUOTED_INCLUDE_IN_FRAMEWORK_HEADER = YES;
				CLANG_WARN_RANGE_LOOP_ANALYSIS = YES;
				CLANG_WARN_STRICT_PROTOTYPES = YES;
				CLANG_WARN_SUSPICIOUS_MOVE = YES;
				CLANG_WARN_UNGUARDED_AVAILABILITY = YES_AGGRESSIVE;
				CLANG_WARN_UNREACHABLE_CODE = YES;
				CLANG_WARN__DUPLICATE_METHOD_MATCH = YES;
				COPY_PHASE_STRIP = NO;
				DEBUG_INFORMATION_FORMAT = dwarf;
				ENABLE_STRICT_OBJC_MSGSEND = YES;
				ENABLE_TESTABILITY = YES;
				GCC_C_LANGUAGE_STANDARD = gnu11;
				GCC_DYNAMIC_NO_PIC = NO;
				GCC_NO_COMMON_BLOCKS = YES;
				GCC_OPTIMIZATION_LEVEL = 0;
				GCC_PREPROCESSOR_DEFINITIONS = (
					"DEBUG=1",
					"$(inherited)",
				);
				GCC_WARN_64_TO_32_BIT_CONVERSION = YES;
				GCC_WARN_ABOUT_RETURN_TYPE = YES_ERROR;
				GCC_WARN_UNDECLARED_SELECTOR = YES;
				GCC_WARN_UNINITIALIZED_AUTOS = YES_AGGRESSIVE;
				GCC_WARN_UNUSED_FUNCTION = YES;
				GCC_WARN_UNUSED_VARIABLE = YES;
				IPHONEOS_DEPLOYMENT_TARGET = 15.5;
				MTL_ENABLE_DEBUG_INFO = INCLUDE_SOURCE;
				MTL_FAST_MATH = YES;
				ONLY_ACTIVE_ARCH = YES;
				SDKROOT = iphoneos;
				SWIFT_ACTIVE_COMPILATION_CONDITIONS = DEBUG;
				SWIFT_OPTIMIZATION_LEVEL = "-Onone";
			};
			name = Debug;
		};
		9145BFB82883EFD8007AE45E /* Release */ = {
			isa = XCBuildConfiguration;
			buildSettings = {
				ALWAYS_SEARCH_USER_PATHS = NO;
				CLANG_ANALYZER_NONNULL = YES;
				CLANG_ANALYZER_NUMBER_OBJECT_CONVERSION = YES_AGGRESSIVE;
				CLANG_CXX_LANGUAGE_STANDARD = "gnu++17";
				CLANG_ENABLE_MODULES = YES;
				CLANG_ENABLE_OBJC_ARC = YES;
				CLANG_ENABLE_OBJC_WEAK = YES;
				CLANG_WARN_BLOCK_CAPTURE_AUTORELEASING = YES;
				CLANG_WARN_BOOL_CONVERSION = YES;
				CLANG_WARN_COMMA = YES;
				CLANG_WARN_CONSTANT_CONVERSION = YES;
				CLANG_WARN_DEPRECATED_OBJC_IMPLEMENTATIONS = YES;
				CLANG_WARN_DIRECT_OBJC_ISA_USAGE = YES_ERROR;
				CLANG_WARN_DOCUMENTATION_COMMENTS = YES;
				CLANG_WARN_EMPTY_BODY = YES;
				CLANG_WARN_ENUM_CONVERSION = YES;
				CLANG_WARN_INFINITE_RECURSION = YES;
				CLANG_WARN_INT_CONVERSION = YES;
				CLANG_WARN_NON_LITERAL_NULL_CONVERSION = YES;
				CLANG_WARN_OBJC_IMPLICIT_RETAIN_SELF = YES;
				CLANG_WARN_OBJC_LITERAL_CONVERSION = YES;
				CLANG_WARN_OBJC_ROOT_CLASS = YES_ERROR;
				CLANG_WARN_QUOTED_INCLUDE_IN_FRAMEWORK_HEADER = YES;
				CLANG_WARN_RANGE_LOOP_ANALYSIS = YES;
				CLANG_WARN_STRICT_PROTOTYPES = YES;
				CLANG_WARN_SUSPICIOUS_MOVE = YES;
				CLANG_WARN_UNGUARDED_AVAILABILITY = YES_AGGRESSIVE;
				CLANG_WARN_UNREACHABLE_CODE = YES;
				CLANG_WARN__DUPLICATE_METHOD_MATCH = YES;
				COPY_PHASE_STRIP = NO;
				DEBUG_INFORMATION_FORMAT = "dwarf-with-dsym";
				ENABLE_NS_ASSERTIONS = NO;
				ENABLE_STRICT_OBJC_MSGSEND = YES;
				GCC_C_LANGUAGE_STANDARD = gnu11;
				GCC_NO_COMMON_BLOCKS = YES;
				GCC_WARN_64_TO_32_BIT_CONVERSION = YES;
				GCC_WARN_ABOUT_RETURN_TYPE = YES_ERROR;
				GCC_WARN_UNDECLARED_SELECTOR = YES;
				GCC_WARN_UNINITIALIZED_AUTOS = YES_AGGRESSIVE;
				GCC_WARN_UNUSED_FUNCTION = YES;
				GCC_WARN_UNUSED_VARIABLE = YES;
				IPHONEOS_DEPLOYMENT_TARGET = 15.5;
				MTL_ENABLE_DEBUG_INFO = NO;
				MTL_FAST_MATH = YES;
				SDKROOT = iphoneos;
				SWIFT_COMPILATION_MODE = wholemodule;
				SWIFT_OPTIMIZATION_LEVEL = "-O";
				VALIDATE_PRODUCT = YES;
			};
			name = Release;
		};
		9145BFBA2883EFD8007AE45E /* Debug */ = {
			isa = XCBuildConfiguration;
			baseConfigurationReference = AAF7118D49400F35C69502D6 /* Pods-HealthMonitoring.debug.xcconfig */;
			buildSettings = {
				ASSETCATALOG_COMPILER_APPICON_NAME = AppIcon;
				ASSETCATALOG_COMPILER_GLOBAL_ACCENT_COLOR_NAME = AccentColor;
				CODE_SIGN_STYLE = Automatic;
				CURRENT_PROJECT_VERSION = 1;
				DEVELOPMENT_TEAM = 9486727C5W;
				GENERATE_INFOPLIST_FILE = YES;
				INFOPLIST_FILE = HealthMonitoring/Info.plist;
				INFOPLIST_KEY_UIApplicationSupportsIndirectInputEvents = YES;
				INFOPLIST_KEY_UILaunchStoryboardName = LaunchScreen;
				INFOPLIST_KEY_UIMainStoryboardFile = Main;
				INFOPLIST_KEY_UISupportedInterfaceOrientations_iPad = "UIInterfaceOrientationPortrait UIInterfaceOrientationPortraitUpsideDown UIInterfaceOrientationLandscapeLeft UIInterfaceOrientationLandscapeRight";
				INFOPLIST_KEY_UISupportedInterfaceOrientations_iPhone = "UIInterfaceOrientationPortrait UIInterfaceOrientationLandscapeLeft UIInterfaceOrientationLandscapeRight";
				LD_RUNPATH_SEARCH_PATHS = (
					"$(inherited)",
					"@executable_path/Frameworks",
				);
				MARKETING_VERSION = 1.0;
				PRODUCT_BUNDLE_IDENTIFIER = com.neifmetus.HealthMonitoring;
				PRODUCT_NAME = "$(TARGET_NAME)";
				SWIFT_EMIT_LOC_STRINGS = YES;
				SWIFT_VERSION = 5.0;
				TARGETED_DEVICE_FAMILY = "1,2";
			};
			name = Debug;
		};
		9145BFBB2883EFD8007AE45E /* Release */ = {
			isa = XCBuildConfiguration;
			baseConfigurationReference = E5135743FE8FFE39ABC5B190 /* Pods-HealthMonitoring.release.xcconfig */;
			buildSettings = {
				ASSETCATALOG_COMPILER_APPICON_NAME = AppIcon;
				ASSETCATALOG_COMPILER_GLOBAL_ACCENT_COLOR_NAME = AccentColor;
				CODE_SIGN_STYLE = Automatic;
				CURRENT_PROJECT_VERSION = 1;
				DEVELOPMENT_TEAM = 9486727C5W;
				GENERATE_INFOPLIST_FILE = YES;
				INFOPLIST_FILE = HealthMonitoring/Info.plist;
				INFOPLIST_KEY_UIApplicationSupportsIndirectInputEvents = YES;
				INFOPLIST_KEY_UILaunchStoryboardName = LaunchScreen;
				INFOPLIST_KEY_UIMainStoryboardFile = Main;
				INFOPLIST_KEY_UISupportedInterfaceOrientations_iPad = "UIInterfaceOrientationPortrait UIInterfaceOrientationPortraitUpsideDown UIInterfaceOrientationLandscapeLeft UIInterfaceOrientationLandscapeRight";
				INFOPLIST_KEY_UISupportedInterfaceOrientations_iPhone = "UIInterfaceOrientationPortrait UIInterfaceOrientationLandscapeLeft UIInterfaceOrientationLandscapeRight";
				LD_RUNPATH_SEARCH_PATHS = (
					"$(inherited)",
					"@executable_path/Frameworks",
				);
				MARKETING_VERSION = 1.0;
				PRODUCT_BUNDLE_IDENTIFIER = com.neifmetus.HealthMonitoring;
				PRODUCT_NAME = "$(TARGET_NAME)";
				SWIFT_EMIT_LOC_STRINGS = YES;
				SWIFT_VERSION = 5.0;
				TARGETED_DEVICE_FAMILY = "1,2";
			};
			name = Release;
		};
/* End XCBuildConfiguration section */

/* Begin XCConfigurationList section */
		9145BFA02883EFD7007AE45E /* Build configuration list for PBXProject "HealthMonitoring" */ = {
			isa = XCConfigurationList;
			buildConfigurations = (
				9145BFB72883EFD8007AE45E /* Debug */,
				9145BFB82883EFD8007AE45E /* Release */,
			);
			defaultConfigurationIsVisible = 0;
			defaultConfigurationName = Release;
		};
		9145BFB92883EFD8007AE45E /* Build configuration list for PBXNativeTarget "HealthMonitoring" */ = {
			isa = XCConfigurationList;
			buildConfigurations = (
				9145BFBA2883EFD8007AE45E /* Debug */,
				9145BFBB2883EFD8007AE45E /* Release */,
			);
			defaultConfigurationIsVisible = 0;
			defaultConfigurationName = Release;
		};
/* End XCConfigurationList section */
	};
	rootObject = 9145BF9D2883EFD7007AE45E /* Project object */;
}
